Microsoft Visual Studio Solution File, Format Version 12.00
# Visual Studio 2013
VisualStudioVersion = 12.0.30723.0
MinimumVisualStudioVersion = 10.0.40219.1
Project("{FAE04EC0-301F-11D3-BF4B-00C04F79EFBC}") = "MarkerMetro.Unity.WinLegacyUnity", "MarkerMetro.Unity.WinLegacyUnity\MarkerMetro.Unity.WinLegacyUnity.csproj", "{02F383C2-3484-4183-8DD4-B201D41B74D5}"
EndProject
Project("{FAE04EC0-301F-11D3-BF4B-00C04F79EFBC}") = "MarkerMetro.Unity.WinLegacyWP8", "MarkerMetro.Unity.WinLegacyWP8\MarkerMetro.Unity.WinLegacyWP8.csproj", "{B31A195C-FAC1-44A1-92D4-F133A21B0FDC}"
EndProject
Project("{FAE04EC0-301F-11D3-BF4B-00C04F79EFBC}") = "MarkerMetro.Unity.WinLegacyMetro", "MarkerMetro.Unity.WinLegacyMetro\MarkerMetro.Unity.WinLegacyMetro.csproj", "{1C6D430B-911E-4B0D-BC1C-B4B37100B393}"
EndProject
Project("{2150E333-8FDC-42A3-9474-1A3956D46DE8}") = ".nuget", ".nuget", "{A9EA72E8-D0E5-45E2-BA67-0539ED1AED66}"
	ProjectSection(SolutionItems) = preProject
		.nuget\NuGet.Config = .nuget\NuGet.Config
		.nuget\NuGet.exe = .nuget\NuGet.exe
		.nuget\NuGet.targets = .nuget\NuGet.targets
	EndProjectSection
EndProject
Project("{2150E333-8FDC-42A3-9474-1A3956D46DE8}") = "Solution Items", "Solution Items", "{231AA3DB-49F8-4478-9FD0-DC1BF9F45297}"
	ProjectSection(SolutionItems) = preProject
		MarkerMetro.Unity.WinLegacy.NuSpec = MarkerMetro.Unity.WinLegacy.NuSpec
		README.md = README.md
		WinLegacy.proj = WinLegacy.proj
	EndProjectSection
EndProject
Project("{FAE04EC0-301F-11D3-BF4B-00C04F79EFBC}") = "MarkerMetro.Unity.WinLegacyMetro.Tests", "MarkerMetro.Unity.WinLegacyMetro.Tests\MarkerMetro.Unity.WinLegacyMetro.Tests.csproj", "{F67DF9DB-76E6-42B4-9D92-C727095B7A1C}"
EndProject
Project("{FAE04EC0-301F-11D3-BF4B-00C04F79EFBC}") = "MarkerMetro.Unity.WinLegacyUnity.Tests", "MarkerMetro.Unity.WinLegacyUnity.Tests\MarkerMetro.Unity.WinLegacyUnity.Tests.csproj", "{0ABF88C5-3EB7-473A-BB68-9EA7EB9D7D5E}"
EndProject
Project("{FAE04EC0-301F-11D3-BF4B-00C04F79EFBC}") = "WACKTest.App", "WACKTest.App\WACKTest.App.csproj", "{C380C8EE-6BE5-455D-BE61-9706ACDE2385}"
EndProject
Project("{FAE04EC0-301F-11D3-BF4B-00C04F79EFBC}") = "MarkerMetro.Unity.WinLegacyWP8.Tests", "MarkerMetro.Unity.WinLegacyWP8.Tests\MarkerMetro.Unity.WinLegacyWP8.Tests.csproj", "{13DB3F3B-5643-4220-9C5F-4388306CB36D}"
EndProject
Global
	GlobalSection(SolutionConfigurationPlatforms) = preSolution
		Debug|Any CPU = Debug|Any CPU
		Debug|ARM = Debug|ARM
		Debug|Mixed Platforms = Debug|Mixed Platforms
		Debug|x64 = Debug|x64
		Debug|x86 = Debug|x86
		Master|Any CPU = Master|Any CPU
		Master|ARM = Master|ARM
		Master|Mixed Platforms = Master|Mixed Platforms
		Master|x64 = Master|x64
		Master|x86 = Master|x86
		Release|Any CPU = Release|Any CPU
		Release|ARM = Release|ARM
		Release|Mixed Platforms = Release|Mixed Platforms
		Release|x64 = Release|x64
		Release|x86 = Release|x86
	EndGlobalSection
	GlobalSection(ProjectConfigurationPlatforms) = postSolution
		{02F383C2-3484-4183-8DD4-B201D41B74D5}.Debug|Any CPU.ActiveCfg = Debug|Any CPU
		{02F383C2-3484-4183-8DD4-B201D41B74D5}.Debug|Any CPU.Build.0 = Debug|Any CPU
		{02F383C2-3484-4183-8DD4-B201D41B74D5}.Debug|ARM.ActiveCfg = Debug|Any CPU
		{02F383C2-3484-4183-8DD4-B201D41B74D5}.Debug|Mixed Platforms.ActiveCfg = Debug|Any CPU
		{02F383C2-3484-4183-8DD4-B201D41B74D5}.Debug|Mixed Platforms.Build.0 = Debug|Any CPU
		{02F383C2-3484-4183-8DD4-B201D41B74D5}.Debug|x64.ActiveCfg = Debug|Any CPU
		{02F383C2-3484-4183-8DD4-B201D41B74D5}.Debug|x86.ActiveCfg = Debug|Any CPU
		{02F383C2-3484-4183-8DD4-B201D41B74D5}.Debug|x86.Build.0 = Debug|Any CPU
		{02F383C2-3484-4183-8DD4-B201D41B74D5}.Master|Any CPU.ActiveCfg = Release|Any CPU
		{02F383C2-3484-4183-8DD4-B201D41B74D5}.Master|Any CPU.Build.0 = Release|Any CPU
		{02F383C2-3484-4183-8DD4-B201D41B74D5}.Master|ARM.ActiveCfg = Release|Any CPU
		{02F383C2-3484-4183-8DD4-B201D41B74D5}.Master|Mixed Platforms.ActiveCfg = Release|Any CPU
		{02F383C2-3484-4183-8DD4-B201D41B74D5}.Master|Mixed Platforms.Build.0 = Release|Any CPU
		{02F383C2-3484-4183-8DD4-B201D41B74D5}.Master|x64.ActiveCfg = Release|Any CPU
		{02F383C2-3484-4183-8DD4-B201D41B74D5}.Master|x86.ActiveCfg = Release|Any CPU
		{02F383C2-3484-4183-8DD4-B201D41B74D5}.Release|Any CPU.ActiveCfg = Release|Any CPU
		{02F383C2-3484-4183-8DD4-B201D41B74D5}.Release|Any CPU.Build.0 = Release|Any CPU
		{02F383C2-3484-4183-8DD4-B201D41B74D5}.Release|ARM.ActiveCfg = Release|Any CPU
		{02F383C2-3484-4183-8DD4-B201D41B74D5}.Release|Mixed Platforms.ActiveCfg = Release|Any CPU
		{02F383C2-3484-4183-8DD4-B201D41B74D5}.Release|Mixed Platforms.Build.0 = Release|Any CPU
		{02F383C2-3484-4183-8DD4-B201D41B74D5}.Release|x64.ActiveCfg = Release|Any CPU
		{02F383C2-3484-4183-8DD4-B201D41B74D5}.Release|x86.ActiveCfg = Release|Any CPU
		{02F383C2-3484-4183-8DD4-B201D41B74D5}.Release|x86.Build.0 = Release|Any CPU
		{B31A195C-FAC1-44A1-92D4-F133A21B0FDC}.Debug|Any CPU.ActiveCfg = Debug|Any CPU
		{B31A195C-FAC1-44A1-92D4-F133A21B0FDC}.Debug|Any CPU.Build.0 = Debug|Any CPU
		{B31A195C-FAC1-44A1-92D4-F133A21B0FDC}.Debug|ARM.ActiveCfg = Debug|ARM
		{B31A195C-FAC1-44A1-92D4-F133A21B0FDC}.Debug|ARM.Build.0 = Debug|ARM
		{B31A195C-FAC1-44A1-92D4-F133A21B0FDC}.Debug|Mixed Platforms.ActiveCfg = Debug|x86
		{B31A195C-FAC1-44A1-92D4-F133A21B0FDC}.Debug|Mixed Platforms.Build.0 = Debug|x86
		{B31A195C-FAC1-44A1-92D4-F133A21B0FDC}.Debug|x64.ActiveCfg = Debug|Any CPU
		{B31A195C-FAC1-44A1-92D4-F133A21B0FDC}.Debug|x86.ActiveCfg = Debug|ARM
		{B31A195C-FAC1-44A1-92D4-F133A21B0FDC}.Debug|x86.Build.0 = Debug|ARM
		{B31A195C-FAC1-44A1-92D4-F133A21B0FDC}.Master|Any CPU.ActiveCfg = Release|Any CPU
		{B31A195C-FAC1-44A1-92D4-F133A21B0FDC}.Master|Any CPU.Build.0 = Release|Any CPU
		{B31A195C-FAC1-44A1-92D4-F133A21B0FDC}.Master|ARM.ActiveCfg = Release|ARM
		{B31A195C-FAC1-44A1-92D4-F133A21B0FDC}.Master|ARM.Build.0 = Release|ARM
		{B31A195C-FAC1-44A1-92D4-F133A21B0FDC}.Master|Mixed Platforms.ActiveCfg = Release|x86
		{B31A195C-FAC1-44A1-92D4-F133A21B0FDC}.Master|Mixed Platforms.Build.0 = Release|x86
		{B31A195C-FAC1-44A1-92D4-F133A21B0FDC}.Master|x64.ActiveCfg = Release|Any CPU
		{B31A195C-FAC1-44A1-92D4-F133A21B0FDC}.Master|x86.ActiveCfg = Release|x86
		{B31A195C-FAC1-44A1-92D4-F133A21B0FDC}.Master|x86.Build.0 = Release|x86
		{B31A195C-FAC1-44A1-92D4-F133A21B0FDC}.Release|Any CPU.ActiveCfg = Release|Any CPU
		{B31A195C-FAC1-44A1-92D4-F133A21B0FDC}.Release|Any CPU.Build.0 = Release|Any CPU
		{B31A195C-FAC1-44A1-92D4-F133A21B0FDC}.Release|ARM.ActiveCfg = Release|ARM
		{B31A195C-FAC1-44A1-92D4-F133A21B0FDC}.Release|ARM.Build.0 = Release|ARM
		{B31A195C-FAC1-44A1-92D4-F133A21B0FDC}.Release|Mixed Platforms.ActiveCfg = Release|x86
		{B31A195C-FAC1-44A1-92D4-F133A21B0FDC}.Release|Mixed Platforms.Build.0 = Release|x86
		{B31A195C-FAC1-44A1-92D4-F133A21B0FDC}.Release|x64.ActiveCfg = Release|Any CPU
		{B31A195C-FAC1-44A1-92D4-F133A21B0FDC}.Release|x86.ActiveCfg = Release|ARM
		{B31A195C-FAC1-44A1-92D4-F133A21B0FDC}.Release|x86.Build.0 = Release|ARM
		{1C6D430B-911E-4B0D-BC1C-B4B37100B393}.Debug|Any CPU.ActiveCfg = Debug|Any CPU
		{1C6D430B-911E-4B0D-BC1C-B4B37100B393}.Debug|Any CPU.Build.0 = Debug|Any CPU
		{1C6D430B-911E-4B0D-BC1C-B4B37100B393}.Debug|ARM.ActiveCfg = Debug|ARM
		{1C6D430B-911E-4B0D-BC1C-B4B37100B393}.Debug|ARM.Build.0 = Debug|ARM
		{1C6D430B-911E-4B0D-BC1C-B4B37100B393}.Debug|Mixed Platforms.ActiveCfg = Debug|x86
		{1C6D430B-911E-4B0D-BC1C-B4B37100B393}.Debug|Mixed Platforms.Build.0 = Debug|x86
		{1C6D430B-911E-4B0D-BC1C-B4B37100B393}.Debug|x64.ActiveCfg = Debug|x64
		{1C6D430B-911E-4B0D-BC1C-B4B37100B393}.Debug|x64.Build.0 = Debug|x64
		{1C6D430B-911E-4B0D-BC1C-B4B37100B393}.Debug|x86.ActiveCfg = Debug|x86
		{1C6D430B-911E-4B0D-BC1C-B4B37100B393}.Debug|x86.Build.0 = Debug|x86
		{1C6D430B-911E-4B0D-BC1C-B4B37100B393}.Master|Any CPU.ActiveCfg = Release|Any CPU
		{1C6D430B-911E-4B0D-BC1C-B4B37100B393}.Master|Any CPU.Build.0 = Release|Any CPU
		{1C6D430B-911E-4B0D-BC1C-B4B37100B393}.Master|ARM.ActiveCfg = Release|ARM
		{1C6D430B-911E-4B0D-BC1C-B4B37100B393}.Master|ARM.Build.0 = Release|ARM
		{1C6D430B-911E-4B0D-BC1C-B4B37100B393}.Master|Mixed Platforms.ActiveCfg = Release|x86
		{1C6D430B-911E-4B0D-BC1C-B4B37100B393}.Master|Mixed Platforms.Build.0 = Release|x86
		{1C6D430B-911E-4B0D-BC1C-B4B37100B393}.Master|x64.ActiveCfg = Release|x64
		{1C6D430B-911E-4B0D-BC1C-B4B37100B393}.Master|x64.Build.0 = Release|x64
		{1C6D430B-911E-4B0D-BC1C-B4B37100B393}.Master|x86.ActiveCfg = Release|x86
		{1C6D430B-911E-4B0D-BC1C-B4B37100B393}.Master|x86.Build.0 = Release|x86
		{1C6D430B-911E-4B0D-BC1C-B4B37100B393}.Release|Any CPU.ActiveCfg = Release|Any CPU
		{1C6D430B-911E-4B0D-BC1C-B4B37100B393}.Release|Any CPU.Build.0 = Release|Any CPU
		{1C6D430B-911E-4B0D-BC1C-B4B37100B393}.Release|ARM.ActiveCfg = Release|ARM
		{1C6D430B-911E-4B0D-BC1C-B4B37100B393}.Release|ARM.Build.0 = Release|ARM
		{1C6D430B-911E-4B0D-BC1C-B4B37100B393}.Release|Mixed Platforms.ActiveCfg = Release|Any CPU
		{1C6D430B-911E-4B0D-BC1C-B4B37100B393}.Release|Mixed Platforms.Build.0 = Release|Any CPU
		{1C6D430B-911E-4B0D-BC1C-B4B37100B393}.Release|x64.ActiveCfg = Release|x64
		{1C6D430B-911E-4B0D-BC1C-B4B37100B393}.Release|x64.Build.0 = Release|x64
		{1C6D430B-911E-4B0D-BC1C-B4B37100B393}.Release|x86.ActiveCfg = Release|Any CPU
		{1C6D430B-911E-4B0D-BC1C-B4B37100B393}.Release|x86.Build.0 = Release|Any CPU
		{F67DF9DB-76E6-42B4-9D92-C727095B7A1C}.Debug|Any CPU.ActiveCfg = Debug|Any CPU
		{F67DF9DB-76E6-42B4-9D92-C727095B7A1C}.Debug|Any CPU.Build.0 = Debug|Any CPU
		{F67DF9DB-76E6-42B4-9D92-C727095B7A1C}.Debug|Any CPU.Deploy.0 = Debug|Any CPU
		{F67DF9DB-76E6-42B4-9D92-C727095B7A1C}.Debug|ARM.ActiveCfg = Debug|ARM
		{F67DF9DB-76E6-42B4-9D92-C727095B7A1C}.Debug|ARM.Build.0 = Debug|ARM
		{F67DF9DB-76E6-42B4-9D92-C727095B7A1C}.Debug|ARM.Deploy.0 = Debug|ARM
		{F67DF9DB-76E6-42B4-9D92-C727095B7A1C}.Debug|Mixed Platforms.ActiveCfg = Debug|x86
		{F67DF9DB-76E6-42B4-9D92-C727095B7A1C}.Debug|Mixed Platforms.Build.0 = Debug|x86
		{F67DF9DB-76E6-42B4-9D92-C727095B7A1C}.Debug|Mixed Platforms.Deploy.0 = Debug|x86
		{F67DF9DB-76E6-42B4-9D92-C727095B7A1C}.Debug|x64.ActiveCfg = Debug|x64
		{F67DF9DB-76E6-42B4-9D92-C727095B7A1C}.Debug|x64.Build.0 = Debug|x64
		{F67DF9DB-76E6-42B4-9D92-C727095B7A1C}.Debug|x64.Deploy.0 = Debug|x64
		{F67DF9DB-76E6-42B4-9D92-C727095B7A1C}.Debug|x86.ActiveCfg = Debug|x86
		{F67DF9DB-76E6-42B4-9D92-C727095B7A1C}.Debug|x86.Build.0 = Debug|x86
		{F67DF9DB-76E6-42B4-9D92-C727095B7A1C}.Debug|x86.Deploy.0 = Debug|x86
		{F67DF9DB-76E6-42B4-9D92-C727095B7A1C}.Master|Any CPU.ActiveCfg = Release|Any CPU
		{F67DF9DB-76E6-42B4-9D92-C727095B7A1C}.Master|Any CPU.Build.0 = Release|Any CPU
		{F67DF9DB-76E6-42B4-9D92-C727095B7A1C}.Master|Any CPU.Deploy.0 = Release|Any CPU
		{F67DF9DB-76E6-42B4-9D92-C727095B7A1C}.Master|ARM.ActiveCfg = Release|ARM
		{F67DF9DB-76E6-42B4-9D92-C727095B7A1C}.Master|ARM.Build.0 = Release|ARM
		{F67DF9DB-76E6-42B4-9D92-C727095B7A1C}.Master|ARM.Deploy.0 = Release|ARM
		{F67DF9DB-76E6-42B4-9D92-C727095B7A1C}.Master|Mixed Platforms.ActiveCfg = Release|x86
		{F67DF9DB-76E6-42B4-9D92-C727095B7A1C}.Master|Mixed Platforms.Build.0 = Release|x86
		{F67DF9DB-76E6-42B4-9D92-C727095B7A1C}.Master|Mixed Platforms.Deploy.0 = Release|x86
		{F67DF9DB-76E6-42B4-9D92-C727095B7A1C}.Master|x64.ActiveCfg = Release|x64
		{F67DF9DB-76E6-42B4-9D92-C727095B7A1C}.Master|x64.Build.0 = Release|x64
		{F67DF9DB-76E6-42B4-9D92-C727095B7A1C}.Master|x64.Deploy.0 = Release|x64
		{F67DF9DB-76E6-42B4-9D92-C727095B7A1C}.Master|x86.ActiveCfg = Release|x86
		{F67DF9DB-76E6-42B4-9D92-C727095B7A1C}.Master|x86.Build.0 = Release|x86
		{F67DF9DB-76E6-42B4-9D92-C727095B7A1C}.Master|x86.Deploy.0 = Release|x86
		{F67DF9DB-76E6-42B4-9D92-C727095B7A1C}.Release|Any CPU.ActiveCfg = Release|Any CPU
		{F67DF9DB-76E6-42B4-9D92-C727095B7A1C}.Release|Any CPU.Build.0 = Release|Any CPU
		{F67DF9DB-76E6-42B4-9D92-C727095B7A1C}.Release|Any CPU.Deploy.0 = Release|Any CPU
		{F67DF9DB-76E6-42B4-9D92-C727095B7A1C}.Release|ARM.ActiveCfg = Release|ARM
		{F67DF9DB-76E6-42B4-9D92-C727095B7A1C}.Release|ARM.Build.0 = Release|ARM
		{F67DF9DB-76E6-42B4-9D92-C727095B7A1C}.Release|ARM.Deploy.0 = Release|ARM
		{F67DF9DB-76E6-42B4-9D92-C727095B7A1C}.Release|Mixed Platforms.ActiveCfg = Release|Any CPU
		{F67DF9DB-76E6-42B4-9D92-C727095B7A1C}.Release|Mixed Platforms.Build.0 = Release|Any CPU
		{F67DF9DB-76E6-42B4-9D92-C727095B7A1C}.Release|Mixed Platforms.Deploy.0 = Release|Any CPU
		{F67DF9DB-76E6-42B4-9D92-C727095B7A1C}.Release|x64.ActiveCfg = Release|x64
		{F67DF9DB-76E6-42B4-9D92-C727095B7A1C}.Release|x64.Build.0 = Release|x64
		{F67DF9DB-76E6-42B4-9D92-C727095B7A1C}.Release|x64.Deploy.0 = Release|x64
		{F67DF9DB-76E6-42B4-9D92-C727095B7A1C}.Release|x86.ActiveCfg = Release|Any CPU
		{F67DF9DB-76E6-42B4-9D92-C727095B7A1C}.Release|x86.Build.0 = Release|Any CPU
		{F67DF9DB-76E6-42B4-9D92-C727095B7A1C}.Release|x86.Deploy.0 = Release|Any CPU
		{0ABF88C5-3EB7-473A-BB68-9EA7EB9D7D5E}.Debug|Any CPU.ActiveCfg = Debug|Any CPU
		{0ABF88C5-3EB7-473A-BB68-9EA7EB9D7D5E}.Debug|Any CPU.Build.0 = Debug|Any CPU
		{0ABF88C5-3EB7-473A-BB68-9EA7EB9D7D5E}.Debug|ARM.ActiveCfg = Debug|Any CPU
		{0ABF88C5-3EB7-473A-BB68-9EA7EB9D7D5E}.Debug|Mixed Platforms.ActiveCfg = Debug|Any CPU
		{0ABF88C5-3EB7-473A-BB68-9EA7EB9D7D5E}.Debug|Mixed Platforms.Build.0 = Debug|Any CPU
		{0ABF88C5-3EB7-473A-BB68-9EA7EB9D7D5E}.Debug|x64.ActiveCfg = Debug|Any CPU
		{0ABF88C5-3EB7-473A-BB68-9EA7EB9D7D5E}.Debug|x86.ActiveCfg = Debug|Any CPU
		{0ABF88C5-3EB7-473A-BB68-9EA7EB9D7D5E}.Debug|x86.Build.0 = Debug|Any CPU
		{0ABF88C5-3EB7-473A-BB68-9EA7EB9D7D5E}.Master|Any CPU.ActiveCfg = Release|Any CPU
		{0ABF88C5-3EB7-473A-BB68-9EA7EB9D7D5E}.Master|Any CPU.Build.0 = Release|Any CPU
		{0ABF88C5-3EB7-473A-BB68-9EA7EB9D7D5E}.Master|ARM.ActiveCfg = Release|Any CPU
		{0ABF88C5-3EB7-473A-BB68-9EA7EB9D7D5E}.Master|Mixed Platforms.ActiveCfg = Release|Any CPU
		{0ABF88C5-3EB7-473A-BB68-9EA7EB9D7D5E}.Master|Mixed Platforms.Build.0 = Release|Any CPU
		{0ABF88C5-3EB7-473A-BB68-9EA7EB9D7D5E}.Master|x64.ActiveCfg = Release|Any CPU
		{0ABF88C5-3EB7-473A-BB68-9EA7EB9D7D5E}.Master|x86.ActiveCfg = Release|Any CPU
		{0ABF88C5-3EB7-473A-BB68-9EA7EB9D7D5E}.Release|Any CPU.ActiveCfg = Release|Any CPU
		{0ABF88C5-3EB7-473A-BB68-9EA7EB9D7D5E}.Release|Any CPU.Build.0 = Release|Any CPU
		{0ABF88C5-3EB7-473A-BB68-9EA7EB9D7D5E}.Release|ARM.ActiveCfg = Release|Any CPU
		{0ABF88C5-3EB7-473A-BB68-9EA7EB9D7D5E}.Release|Mixed Platforms.ActiveCfg = Release|Any CPU
		{0ABF88C5-3EB7-473A-BB68-9EA7EB9D7D5E}.Release|Mixed Platforms.Build.0 = Release|Any CPU
		{0ABF88C5-3EB7-473A-BB68-9EA7EB9D7D5E}.Release|x64.ActiveCfg = Release|Any CPU
		{0ABF88C5-3EB7-473A-BB68-9EA7EB9D7D5E}.Release|x86.ActiveCfg = Release|Any CPU
		{0ABF88C5-3EB7-473A-BB68-9EA7EB9D7D5E}.Release|x86.Build.0 = Release|Any CPU
		{C380C8EE-6BE5-455D-BE61-9706ACDE2385}.Debug|Any CPU.ActiveCfg = Debug|Any CPU
		{C380C8EE-6BE5-455D-BE61-9706ACDE2385}.Debug|Any CPU.Build.0 = Debug|Any CPU
		{C380C8EE-6BE5-455D-BE61-9706ACDE2385}.Debug|Any CPU.Deploy.0 = Debug|Any CPU
		{C380C8EE-6BE5-455D-BE61-9706ACDE2385}.Debug|ARM.ActiveCfg = Debug|ARM
		{C380C8EE-6BE5-455D-BE61-9706ACDE2385}.Debug|ARM.Build.0 = Debug|ARM
		{C380C8EE-6BE5-455D-BE61-9706ACDE2385}.Debug|ARM.Deploy.0 = Debug|ARM
		{C380C8EE-6BE5-455D-BE61-9706ACDE2385}.Debug|Mixed Platforms.ActiveCfg = Debug|x86
		{C380C8EE-6BE5-455D-BE61-9706ACDE2385}.Debug|Mixed Platforms.Build.0 = Debug|x86
		{C380C8EE-6BE5-455D-BE61-9706ACDE2385}.Debug|Mixed Platforms.Deploy.0 = Debug|x86
		{C380C8EE-6BE5-455D-BE61-9706ACDE2385}.Debug|x64.ActiveCfg = Debug|x64
		{C380C8EE-6BE5-455D-BE61-9706ACDE2385}.Debug|x64.Build.0 = Debug|x64
		{C380C8EE-6BE5-455D-BE61-9706ACDE2385}.Debug|x64.Deploy.0 = Debug|x64
		{C380C8EE-6BE5-455D-BE61-9706ACDE2385}.Debug|x86.ActiveCfg = Debug|x86
		{C380C8EE-6BE5-455D-BE61-9706ACDE2385}.Debug|x86.Build.0 = Debug|x86
		{C380C8EE-6BE5-455D-BE61-9706ACDE2385}.Debug|x86.Deploy.0 = Debug|x86
		{C380C8EE-6BE5-455D-BE61-9706ACDE2385}.Master|Any CPU.ActiveCfg = Release|Any CPU
		{C380C8EE-6BE5-455D-BE61-9706ACDE2385}.Master|Any CPU.Build.0 = Release|Any CPU
		{C380C8EE-6BE5-455D-BE61-9706ACDE2385}.Master|Any CPU.Deploy.0 = Release|Any CPU
		{C380C8EE-6BE5-455D-BE61-9706ACDE2385}.Master|ARM.ActiveCfg = Release|ARM
		{C380C8EE-6BE5-455D-BE61-9706ACDE2385}.Master|ARM.Build.0 = Release|ARM
		{C380C8EE-6BE5-455D-BE61-9706ACDE2385}.Master|ARM.Deploy.0 = Release|ARM
		{C380C8EE-6BE5-455D-BE61-9706ACDE2385}.Master|Mixed Platforms.ActiveCfg = Release|x86
		{C380C8EE-6BE5-455D-BE61-9706ACDE2385}.Master|Mixed Platforms.Build.0 = Release|x86
		{C380C8EE-6BE5-455D-BE61-9706ACDE2385}.Master|Mixed Platforms.Deploy.0 = Release|x86
		{C380C8EE-6BE5-455D-BE61-9706ACDE2385}.Master|x64.ActiveCfg = Release|x64
		{C380C8EE-6BE5-455D-BE61-9706ACDE2385}.Master|x64.Build.0 = Release|x64
		{C380C8EE-6BE5-455D-BE61-9706ACDE2385}.Master|x64.Deploy.0 = Release|x64
		{C380C8EE-6BE5-455D-BE61-9706ACDE2385}.Master|x86.ActiveCfg = Release|x86
		{C380C8EE-6BE5-455D-BE61-9706ACDE2385}.Master|x86.Build.0 = Release|x86
		{C380C8EE-6BE5-455D-BE61-9706ACDE2385}.Master|x86.Deploy.0 = Release|x86
		{C380C8EE-6BE5-455D-BE61-9706ACDE2385}.Release|Any CPU.ActiveCfg = Release|Any CPU
		{C380C8EE-6BE5-455D-BE61-9706ACDE2385}.Release|Any CPU.Build.0 = Release|Any CPU
		{C380C8EE-6BE5-455D-BE61-9706ACDE2385}.Release|Any CPU.Deploy.0 = Release|Any CPU
		{C380C8EE-6BE5-455D-BE61-9706ACDE2385}.Release|ARM.ActiveCfg = Release|ARM
		{C380C8EE-6BE5-455D-BE61-9706ACDE2385}.Release|ARM.Build.0 = Release|ARM
		{C380C8EE-6BE5-455D-BE61-9706ACDE2385}.Release|ARM.Deploy.0 = Release|ARM
		{C380C8EE-6BE5-455D-BE61-9706ACDE2385}.Release|Mixed Platforms.ActiveCfg = Release|x86
		{C380C8EE-6BE5-455D-BE61-9706ACDE2385}.Release|Mixed Platforms.Build.0 = Release|x86
		{C380C8EE-6BE5-455D-BE61-9706ACDE2385}.Release|Mixed Platforms.Deploy.0 = Release|x86
		{C380C8EE-6BE5-455D-BE61-9706ACDE2385}.Release|x64.ActiveCfg = Release|x64
		{C380C8EE-6BE5-455D-BE61-9706ACDE2385}.Release|x64.Build.0 = Release|x64
		{C380C8EE-6BE5-455D-BE61-9706ACDE2385}.Release|x64.Deploy.0 = Release|x64
		{C380C8EE-6BE5-455D-BE61-9706ACDE2385}.Release|x86.ActiveCfg = Release|x86
		{C380C8EE-6BE5-455D-BE61-9706ACDE2385}.Release|x86.Build.0 = Release|x86
		{C380C8EE-6BE5-455D-BE61-9706ACDE2385}.Release|x86.Deploy.0 = Release|x86
		{13DB3F3B-5643-4220-9C5F-4388306CB36D}.Debug|Any CPU.ActiveCfg = Debug|x86
		{13DB3F3B-5643-4220-9C5F-4388306CB36D}.Debug|Any CPU.Build.0 = Debug|x86
		{13DB3F3B-5643-4220-9C5F-4388306CB36D}.Debug|ARM.ActiveCfg = Debug|ARM
		{13DB3F3B-5643-4220-9C5F-4388306CB36D}.Debug|ARM.Build.0 = Debug|ARM
		{13DB3F3B-5643-4220-9C5F-4388306CB36D}.Debug|ARM.Deploy.0 = Debug|ARM
		{13DB3F3B-5643-4220-9C5F-4388306CB36D}.Debug|Mixed Platforms.ActiveCfg = Debug|x86
		{13DB3F3B-5643-4220-9C5F-4388306CB36D}.Debug|Mixed Platforms.Build.0 = Debug|x86
		{13DB3F3B-5643-4220-9C5F-4388306CB36D}.Debug|Mixed Platforms.Deploy.0 = Debug|x86
		{13DB3F3B-5643-4220-9C5F-4388306CB36D}.Debug|x64.ActiveCfg = Debug|x86
		{13DB3F3B-5643-4220-9C5F-4388306CB36D}.Debug|x86.ActiveCfg = Debug|x86
		{13DB3F3B-5643-4220-9C5F-4388306CB36D}.Debug|x86.Build.0 = Debug|x86
		{13DB3F3B-5643-4220-9C5F-4388306CB36D}.Debug|x86.Deploy.0 = Debug|x86
		{13DB3F3B-5643-4220-9C5F-4388306CB36D}.Master|Any CPU.ActiveCfg = Release|x86
		{13DB3F3B-5643-4220-9C5F-4388306CB36D}.Master|ARM.ActiveCfg = Release|ARM
		{13DB3F3B-5643-4220-9C5F-4388306CB36D}.Master|ARM.Build.0 = Release|ARM
		{13DB3F3B-5643-4220-9C5F-4388306CB36D}.Master|ARM.Deploy.0 = Release|ARM
		{13DB3F3B-5643-4220-9C5F-4388306CB36D}.Master|Mixed Platforms.ActiveCfg = Release|x86
		{13DB3F3B-5643-4220-9C5F-4388306CB36D}.Master|Mixed Platforms.Build.0 = Release|x86
		{13DB3F3B-5643-4220-9C5F-4388306CB36D}.Master|Mixed Platforms.Deploy.0 = Release|x86
		{13DB3F3B-5643-4220-9C5F-4388306CB36D}.Master|x64.ActiveCfg = Release|x86
		{13DB3F3B-5643-4220-9C5F-4388306CB36D}.Master|x86.ActiveCfg = Release|x86
		{13DB3F3B-5643-4220-9C5F-4388306CB36D}.Master|x86.Build.0 = Release|x86
		{13DB3F3B-5643-4220-9C5F-4388306CB36D}.Master|x86.Deploy.0 = Release|x86
		{13DB3F3B-5643-4220-9C5F-4388306CB36D}.Release|Any CPU.ActiveCfg = Release|x86
		{13DB3F3B-5643-4220-9C5F-4388306CB36D}.Release|ARM.ActiveCfg = Release|ARM
		{13DB3F3B-5643-4220-9C5F-4388306CB36D}.Release|ARM.Build.0 = Release|ARM
		{13DB3F3B-5643-4220-9C5F-4388306CB36D}.Release|ARM.Deploy.0 = Release|ARM
		{13DB3F3B-5643-4220-9C5F-4388306CB36D}.Release|Mixed Platforms.ActiveCfg = Release|x86
		{13DB3F3B-5643-4220-9C5F-4388306CB36D}.Release|Mixed Platforms.Build.0 = Release|x86
		{13DB3F3B-5643-4220-9C5F-4388306CB36D}.Release|Mixed Platforms.Deploy.0 = Release|x86
		{13DB3F3B-5643-4220-9C5F-4388306CB36D}.Release|x64.ActiveCfg = Release|x86
		{13DB3F3B-5643-4220-9C5F-4388306CB36D}.Release|x86.ActiveCfg = Release|x86
		{13DB3F3B-5643-4220-9C5F-4388306CB36D}.Release|x86.Build.0 = Release|x86
		{13DB3F3B-5643-4220-9C5F-4388306CB36D}.Release|x86.Deploy.0 = Release|x86
	EndGlobalSection
	GlobalSection(SolutionProperties) = preSolution
		HideSolutionNode = FALSE
	EndGlobalSection
EndGlobal
